
Microsoft Visual Studio Solution File, Format Version 12.00
# Visual Studio Version 17
VisualStudioVersion = 17.1.32210.238
MinimumVisualStudioVersion = 10.0.40219.1
Project("{FAE04EC0-301F-11D3-BF4B-00C04F79EFBC}") = "Act8", "Act8\Act8.csproj", "{1925674E-EB89-40FB-BDA0-36D64B24429E}"
EndProject
Global
	GlobalSection(SolutionConfigurationPlatforms) = preSolution
		Debug|Any CPU = Debug|Any CPU
		Release|Any CPU = Release|Any CPU
	EndGlobalSection
	GlobalSection(ProjectConfigurationPlatforms) = postSolution
		{1925674E-EB89-40FB-BDA0-36D64B24429E}.Debug|Any CPU.ActiveCfg = Debug|Any CPU
		{1925674E-EB89-40FB-BDA0-36D64B24429E}.Debug|Any CPU.Build.0 = Debug|Any CPU
		{1925674E-EB89-40FB-BDA0-36D64B24429E}.Release|Any CPU.ActiveCfg = Release|Any CPU
		{1925674E-EB89-40FB-BDA0-36D64B24429E}.Release|Any CPU.Build.0 = Release|Any CPU
	EndGlobalSection
	GlobalSection(SolutionProperties) = preSolution
		HideSolutionNode = FALSE
	EndGlobalSection
	GlobalSection(ExtensibilityGlobals) = postSolution
		SolutionGuid = {B3153D81-3FA8-48B4-BAC5-3C079C19EB10}
	EndGlobalSection
EndGlobal
